
Microsoft Visual Studio Solution File, Format Version 12.00
# Visual Studio Version 17
VisualStudioVersion = 17.3.32819.101
MinimumVisualStudioVersion = 10.0.40219.1
Project("{FAE04EC0-301F-11D3-BF4B-00C04F79EFBC}") = "webAPI1", "webAPI1\webAPI1.csproj", "{FA6C327C-3A09-4A77-983D-614BDA20D6C9}"
EndProject
Global
	GlobalSection(SolutionConfigurationPlatforms) = preSolution
		Debug|Any CPU = Debug|Any CPU
		Release|Any CPU = Release|Any CPU
	EndGlobalSection
	GlobalSection(ProjectConfigurationPlatforms) = postSolution
		{FA6C327C-3A09-4A77-983D-614BDA20D6C9}.Debug|Any CPU.ActiveCfg = Debug|Any CPU
		{FA6C327C-3A09-4A77-983D-614BDA20D6C9}.Debug|Any CPU.Build.0 = Debug|Any CPU
		{FA6C327C-3A09-4A77-983D-614BDA20D6C9}.Release|Any CPU.ActiveCfg = Release|Any CPU
		{FA6C327C-3A09-4A77-983D-614BDA20D6C9}.Release|Any CPU.Build.0 = Release|Any CPU
	EndGlobalSection
	GlobalSection(SolutionProperties) = preSolution
		HideSolutionNode = FALSE
	EndGlobalSection
	GlobalSection(ExtensibilityGlobals) = postSolution
		SolutionGuid = {8AA4ED28-D2CE-49C0-BC93-8A252F16C6D0}
	EndGlobalSection
EndGlobal
